{
  "name": "susee",
  "version": "1.5.1",
  "lockfileVersion": 3,
  "requires": true,
  "packages": {
    "": {
      "name": "susee",
      "version": "1.5.1",
      "license": "Apache-2.0",
      "dependencies": {
        "@suseejs/bundler": "^0.0.3",
        "@suseejs/color": "^0.0.3",
        "@suseejs/compiler": "^0.0.3",
        "@suseejs/files": "^0.0.3",
        "@suseejs/tsoptions": "^0.0.3",
        "@suseejs/type": "^0.0.3",
        "@suseejs/utilities": "^0.0.3",
        "typescript": "^6.0.2"
      },
      "bin": {
        "susee": "bin/susee"
      },
      "devDependencies": {
        "@biomejs/biome": "^2.4.12",
        "@types/node": "^25.6.0"
      }
    },
    "node_modules/@biomejs/biome": {
      "version": "2.4.12",
      "resolved": "https://registry.npmjs.org/@biomejs/biome/-/biome-2.4.12.tgz",
      "integrity": "sha512-Rro7adQl3NLq/zJCIL98eElXKI8eEiBtoeu5TbXF/U3qbjuSc7Jb5rjUbeHHcquDWeSf3HnGP7XI5qGrlRk/pA==",
      "dev": true,
      "license": "MIT OR Apache-2.0",
      "bin": {
        "biome": "bin/biome"
      },
      "engines": {
        "node": ">=14.21.3"
      },
      "funding": {
        "type": "opencollective",
        "url": "https://opencollective.com/biome"
      },
      "optionalDependencies": {
        "@biomejs/cli-darwin-arm64": "2.4.12",
        "@biomejs/cli-darwin-x64": "2.4.12",
        "@biomejs/cli-linux-arm64": "2.4.12",
        "@biomejs/cli-linux-arm64-musl": "2.4.12",
        "@biomejs/cli-linux-x64": "2.4.12",
        "@biomejs/cli-linux-x64-musl": "2.4.12",
        "@biomejs/cli-win32-arm64": "2.4.12",
        "@biomejs/cli-win32-x64": "2.4.12"
      }
    },
    "node_modules/@biomejs/cli-darwin-arm64": {
      "version": "2.4.12",
      "resolved": "https://registry.npmjs.org/@biomejs/cli-darwin-arm64/-/cli-darwin-arm64-2.4.12.tgz",
      "integrity": "sha512-BnMU4Pc3ciEVteVpZ0BK33MLr7X57F5w1dwDLDn+/iy/yTrA4Q/N2yftidFtsA4vrDh0FMXDpacNV/Tl3fbmng==",
      "cpu": [
        "arm64"
      ],
      "dev": true,
      "license": "MIT OR Apache-2.0",
      "optional": true,
      "os": [
        "darwin"
      ],
      "engines": {
        "node": ">=14.21.3"
      }
    },
    "node_modules/@biomejs/cli-darwin-x64": {
      "version": "2.4.12",
      "resolved": "https://registry.npmjs.org/@biomejs/cli-darwin-x64/-/cli-darwin-x64-2.4.12.tgz",
      "integrity": "sha512-x9uJ0bI1rJsWICp3VH8w/5PnAVD3A7SqzDpbrfoUQX1QyWrK5jSU4fRLo/wSgGeplCivbxBRKmt5Xq4/nWvq8A==",
      "cpu": [
        "x64"
      ],
      "dev": true,
      "license": "MIT OR Apache-2.0",
      "optional": true,
      "os": [
        "darwin"
      ],
      "engines": {
        "node": ">=14.21.3"
      }
    },
    "node_modules/@biomejs/cli-linux-arm64": {
      "version": "2.4.12",
      "resolved": "https://registry.npmjs.org/@biomejs/cli-linux-arm64/-/cli-linux-arm64-2.4.12.tgz",
      "integrity": "sha512-tOwuCuZZtKi1jVzbk/5nXmIsziOB6yqN8c9r9QM0EJYPU6DpQWf11uBOSCfFKKM4H3d9ZoarvlgMfbcuD051Pw==",
      "cpu": [
        "arm64"
      ],
      "dev": true,
      "libc": [
        "glibc"
      ],
      "license": "MIT OR Apache-2.0",
      "optional": true,
      "os": [
        "linux"
      ],
      "engines": {
        "node": ">=14.21.3"
      }
    },
    "node_modules/@biomejs/cli-linux-arm64-musl": {
      "version": "2.4.12",
      "resolved": "https://registry.npmjs.org/@biomejs/cli-linux-arm64-musl/-/cli-linux-arm64-musl-2.4.12.tgz",
      "integrity": "sha512-FhfpkAAlKL6kwvcVap0Hgp4AhZmtd3YImg0kK1jd7C/aSoh4SfsB2f++yG1rU0lr8Y5MCFJrcSkmssiL9Xnnig==",
      "cpu": [
        "arm64"
      ],
      "dev": true,
      "libc": [
        "musl"
      ],
      "license": "MIT OR Apache-2.0",
      "optional": true,
      "os": [
        "linux"
      ],
      "engines": {
        "node": ">=14.21.3"
      }
    },
    "node_modules/@biomejs/cli-linux-x64": {
      "version": "2.4.12",
      "resolved": "https://registry.npmjs.org/@biomejs/cli-linux-x64/-/cli-linux-x64-2.4.12.tgz",
      "integrity": "sha512-8pFeAnLU9QdW9jCIslB/v82bI0lhBmz2ZAKc8pVMFPO0t0wAHsoEkrUQUbMkIorTRIjbqyNZHA3lEXavsPWYSw==",
      "cpu": [
        "x64"
      ],
      "dev": true,
      "libc": [
        "glibc"
      ],
      "license": "MIT OR Apache-2.0",
      "optional": true,
      "os": [
        "linux"
      ],
      "engines": {
        "node": ">=14.21.3"
      }
    },
    "node_modules/@biomejs/cli-linux-x64-musl": {
      "version": "2.4.12",
      "resolved": "https://registry.npmjs.org/@biomejs/cli-linux-x64-musl/-/cli-linux-x64-musl-2.4.12.tgz",
      "integrity": "sha512-dwTIgZrGutzhkQCuvHynCkyW6hJxUuyZqKKO0YNfaS2GUoRO+tOvxXZqZB6SkWAOdfZTzwaw8IEdUnIkHKHoew==",
      "cpu": [
        "x64"
      ],
      "dev": true,
      "libc": [
        "musl"
      ],
      "license": "MIT OR Apache-2.0",
      "optional": true,
      "os": [
        "linux"
      ],
      "engines": {
        "node": ">=14.21.3"
      }
    },
    "node_modules/@biomejs/cli-win32-arm64": {
      "version": "2.4.12",
      "resolved": "https://registry.npmjs.org/@biomejs/cli-win32-arm64/-/cli-win32-arm64-2.4.12.tgz",
      "integrity": "sha512-B0DLnx0vA9ya/3v7XyCaP+/lCpnbWbMOfUFFve+xb5OxyYvdHaS55YsSddr228Y+JAFk58agCuZTsqNiw2a6ig==",
      "cpu": [
        "arm64"
      ],
      "dev": true,
      "license": "MIT OR Apache-2.0",
      "optional": true,
      "os": [
        "win32"
      ],
      "engines": {
        "node": ">=14.21.3"
      }
    },
    "node_modules/@biomejs/cli-win32-x64": {
      "version": "2.4.12",
      "resolved": "https://registry.npmjs.org/@biomejs/cli-win32-x64/-/cli-win32-x64-2.4.12.tgz",
      "integrity": "sha512-yMckRzTyZ83hkk8iDFWswqSdU8tvZxspJKnYNh7JZr/zhZNOlzH13k4ecboU6MurKExCe2HUkH75pGI/O2JwGA==",
      "cpu": [
        "x64"
      ],
      "dev": true,
      "license": "MIT OR Apache-2.0",
      "optional": true,
      "os": [
        "win32"
      ],
      "engines": {
        "node": ">=14.21.3"
      }
    },
    "node_modules/@suseejs/bundler": {
      "version": "0.0.3",
      "resolved": "https://registry.npmjs.org/@suseejs/bundler/-/bundler-0.0.3.tgz",
      "integrity": "sha512-T9SDkFn4HIvsutHwa6/wtxsz5iR5TXcycUeTIM8fOvhGP3cLoqxA/25ZWM+oGubykGwf/pVuU1+KRkI6uKm+5Q==",
      "license": "Apache-2.0",
      "dependencies": {
        "@suseejs/color": "^0.0.3",
        "@suseejs/files": "^0.0.3",
        "@suseejs/graph": "^0.0.3",
        "@suseejs/tsoptions": "^0.0.3",
        "@suseejs/type": "^0.0.3",
        "@suseejs/utilities": "^0.0.3",
        "typescript": "^6.0.3"
      }
    },
    "node_modules/@suseejs/color": {
      "version": "0.0.3",
      "resolved": "https://registry.npmjs.org/@suseejs/color/-/color-0.0.3.tgz",
      "integrity": "sha512-Pi25DDVjhrzzpriSJMGM+9aZVlK/kfEQPRQJhqN6bhwnz44of5aNzMtx3VRgJl0Ba3hQ5TR5UTT8xMJE47g6Tw==",
      "license": "Apache-2.0"
    },
    "node_modules/@suseejs/compiler": {
      "version": "0.0.3",
      "resolved": "https://registry.npmjs.org/@suseejs/compiler/-/compiler-0.0.3.tgz",
      "integrity": "sha512-8rhv2jGTn0wBGd3t5DM/HsbRc+UJIuphJUeFpU6zlb/GejvVW1vmadP4ruj8Wj7joI1Y+WlZB2XiIt3zgxNwnA==",
      "license": "Apache-2.0",
      "dependencies": {
        "typescript": "^6.0.2"
      }
    },
    "node_modules/@suseejs/files": {
      "version": "0.0.3",
      "resolved": "https://registry.npmjs.org/@suseejs/files/-/files-0.0.3.tgz",
      "integrity": "sha512-h4EI19/XRmF2HCRXY56N0Ce4EzbnbyZeV7EBrsqmfjQ//cPIy2ELUt3e0bp4/Kr4oM1odiEprzTYdLtGE9bw8A==",
      "license": "Apache-2.0",
      "dependencies": {
        "@suseejs/color": "^0.0.3",
        "@suseejs/tsoptions": "^0.0.3"
      }
    },
    "node_modules/@suseejs/graph": {
      "version": "0.0.3",
      "resolved": "https://registry.npmjs.org/@suseejs/graph/-/graph-0.0.3.tgz",
      "integrity": "sha512-sgBEfv4t/tWfrkOaRNXiMc4tWEL+NnTvdyTPUMNdbunr+FUIJDN1GbM/T6GJGPy0YY8acYH3sznTQJzDnOP8+w==",
      "license": "Apache-2.0",
      "dependencies": {
        "@suseejs/compiler": "^0.0.3",
        "typescript": "^6.0.3"
      }
    },
    "node_modules/@suseejs/tsoptions": {
      "version": "0.0.3",
      "resolved": "https://registry.npmjs.org/@suseejs/tsoptions/-/tsoptions-0.0.3.tgz",
      "integrity": "sha512-GmcxoFmxirkEAvsk+F9pUkOkEVrFK9RIpNfr42VSw1KmlB6edgOmyhBiS4e/lib8hEPszMDDXvfanJOEG81E0g==",
      "license": "Apache-2.0",
      "dependencies": {
        "@suseejs/color": "^0.0.3",
        "typescript": "^6.0.2"
      }
    },
    "node_modules/@suseejs/type": {
      "version": "0.0.3",
      "resolved": "https://registry.npmjs.org/@suseejs/type/-/type-0.0.3.tgz",
      "integrity": "sha512-mnWKzEEbCLuvOS0JD6h1SrL5vVHMGLqAIRdlDnzesLMVheR0Nu9JqIEG5PgL1q4NHk0ewWvH0NZKBEGndgtFHg==",
      "license": "Apache-2.0",
      "dependencies": {
        "typescript": "^6.0.3"
      }
    },
    "node_modules/@suseejs/utilities": {
      "version": "0.0.3",
      "resolved": "https://registry.npmjs.org/@suseejs/utilities/-/utilities-0.0.3.tgz",
      "integrity": "sha512-OIUc+q0gxGs4sLR+tm0P8rsmzuuL2NNtmKQ3RZDjnNMn0956ogU7pXESACdc6yO9Zw6NcZPmSG5T0jtml1a3SA==",
      "license": "Apache-2.0",
      "dependencies": {
        "@suseejs/color": "^0.0.3",
        "typescript": "^6.0.3"
      }
    },
    "node_modules/@types/node": {
      "version": "25.6.0",
      "resolved": "https://registry.npmjs.org/@types/node/-/node-25.6.0.tgz",
      "integrity": "sha512-+qIYRKdNYJwY3vRCZMdJbPLJAtGjQBudzZzdzwQYkEPQd+PJGixUL5QfvCLDaULoLv+RhT3LDkwEfKaAkgSmNQ==",
      "dev": true,
      "license": "MIT",
      "dependencies": {
        "undici-types": "~7.19.0"
      }
    },
    "node_modules/typescript": {
      "version": "6.0.3",
      "resolved": "https://registry.npmjs.org/typescript/-/typescript-6.0.3.tgz",
      "integrity": "sha512-y2TvuxSZPDyQakkFRPZHKFm+KKVqIisdg9/CZwm9ftvKXLP8NRWj38/ODjNbr43SsoXqNuAisEf1GdCxqWcdBw==",
      "license": "Apache-2.0",
      "bin": {
        "tsc": "bin/tsc",
        "tsserver": "bin/tsserver"
      },
      "engines": {
        "node": ">=14.17"
      }
    },
    "node_modules/undici-types": {
      "version": "7.19.2",
      "resolved": "https://registry.npmjs.org/undici-types/-/undici-types-7.19.2.tgz",
      "integrity": "sha512-qYVnV5OEm2AW8cJMCpdV20CDyaN3g0AjDlOGf1OW4iaDEx8MwdtChUp4zu4H0VP3nDRF/8RKWH+IPp9uW0YGZg==",
      "dev": true,
      "license": "MIT"
    }
  }
}
